
Microsoft Visual Studio Solution File, Format Version 12.00
Project("{FAE04EC0-301F-11D3-BF4B-00C04F79EFBC}") = "Ploch.Common.CommandLine", "src\CommandLine\Ploch.Common.CommandLine.csproj", "{366D38F6-B002-4D5E-AE20-0DDC96CFE88A}"
EndProject
Project("{FAE04EC0-301F-11D3-BF4B-00C04F79EFBC}") = "Ploch.Common.CommandLine.Autofac", "src\CommandLine.Autofac\Ploch.Common.CommandLine.Autofac.csproj", "{6F878C8F-F02B-4A03-B52B-1883E766FF7F}"
EndProject
Project("{FAE04EC0-301F-11D3-BF4B-00C04F79EFBC}") = "Ploch.Common.CommandLine.Serilog", "src\CommandLine.Serilog\Ploch.Common.CommandLine.Serilog.csproj", "{30E7E52E-9A90-4BF1-8DD8-AAAB1D9ECB4F}"
EndProject
Project("{FAE04EC0-301F-11D3-BF4B-00C04F79EFBC}") = "Ploch.Common.CommandLine.Tests", "src\CommandLine.Tests\Ploch.Common.CommandLine.Tests.csproj", "{73557946-4AA3-4106-AA60-2D4831160499}"
EndProject
Project("{2150E333-8FDC-42A3-9474-1A3956D46DE8}") = "root", "root", "{1A6200BE-CE7D-4EB4-A84D-5E06858E049B}"
	ProjectSection(SolutionItems) = preProject
		..\nuget.config = ..\nuget.config
		..\.dockerignore = ..\.dockerignore
		..\.editorconfig = ..\.editorconfig
		..\.gitignore = ..\.gitignore
		..\Directory.Build.props = ..\Directory.Build.props
		..\directory.build.targets = ..\directory.build.targets
		..\README.md = ..\README.md
	EndProjectSection
EndProject
Project("{2150E333-8FDC-42A3-9474-1A3956D46DE8}") = "samples", "samples", "{B34D3CB2-D859-4C63-A26D-8EE727D343E7}"
	ProjectSection(SolutionItems) = preProject
		..\samples\README.md = ..\samples\README.md
	EndProjectSection
EndProject
Project("{FAE04EC0-301F-11D3-BF4B-00C04F79EFBC}") = "HelloWorldConsoleApp", "..\samples\HelloWorldConsoleApp\HelloWorldConsoleApp.csproj", "{4B982881-25C9-4324-985C-A1787A5BB25F}"
EndProject
Global
	GlobalSection(SolutionConfigurationPlatforms) = preSolution
		Debug|Any CPU = Debug|Any CPU
		Release|Any CPU = Release|Any CPU
	EndGlobalSection
	GlobalSection(ProjectConfigurationPlatforms) = postSolution
		{366D38F6-B002-4D5E-AE20-0DDC96CFE88A}.Debug|Any CPU.ActiveCfg = Debug|Any CPU
		{366D38F6-B002-4D5E-AE20-0DDC96CFE88A}.Debug|Any CPU.Build.0 = Debug|Any CPU
		{366D38F6-B002-4D5E-AE20-0DDC96CFE88A}.Release|Any CPU.ActiveCfg = Release|Any CPU
		{366D38F6-B002-4D5E-AE20-0DDC96CFE88A}.Release|Any CPU.Build.0 = Release|Any CPU
		{6F878C8F-F02B-4A03-B52B-1883E766FF7F}.Debug|Any CPU.ActiveCfg = Debug|Any CPU
		{6F878C8F-F02B-4A03-B52B-1883E766FF7F}.Debug|Any CPU.Build.0 = Debug|Any CPU
		{6F878C8F-F02B-4A03-B52B-1883E766FF7F}.Release|Any CPU.ActiveCfg = Release|Any CPU
		{6F878C8F-F02B-4A03-B52B-1883E766FF7F}.Release|Any CPU.Build.0 = Release|Any CPU
		{30E7E52E-9A90-4BF1-8DD8-AAAB1D9ECB4F}.Debug|Any CPU.ActiveCfg = Debug|Any CPU
		{30E7E52E-9A90-4BF1-8DD8-AAAB1D9ECB4F}.Debug|Any CPU.Build.0 = Debug|Any CPU
		{30E7E52E-9A90-4BF1-8DD8-AAAB1D9ECB4F}.Release|Any CPU.ActiveCfg = Release|Any CPU
		{30E7E52E-9A90-4BF1-8DD8-AAAB1D9ECB4F}.Release|Any CPU.Build.0 = Release|Any CPU
		{73557946-4AA3-4106-AA60-2D4831160499}.Debug|Any CPU.ActiveCfg = Debug|Any CPU
		{73557946-4AA3-4106-AA60-2D4831160499}.Debug|Any CPU.Build.0 = Debug|Any CPU
		{73557946-4AA3-4106-AA60-2D4831160499}.Release|Any CPU.ActiveCfg = Release|Any CPU
		{73557946-4AA3-4106-AA60-2D4831160499}.Release|Any CPU.Build.0 = Release|Any CPU
		{4B982881-25C9-4324-985C-A1787A5BB25F}.Debug|Any CPU.ActiveCfg = Debug|Any CPU
		{4B982881-25C9-4324-985C-A1787A5BB25F}.Debug|Any CPU.Build.0 = Debug|Any CPU
		{4B982881-25C9-4324-985C-A1787A5BB25F}.Release|Any CPU.ActiveCfg = Release|Any CPU
		{4B982881-25C9-4324-985C-A1787A5BB25F}.Release|Any CPU.Build.0 = Release|Any CPU
	EndGlobalSection
	GlobalSection(NestedProjects) = preSolution
		{4B982881-25C9-4324-985C-A1787A5BB25F} = {B34D3CB2-D859-4C63-A26D-8EE727D343E7}
	EndGlobalSection
EndGlobal
